
Microsoft Visual Studio Solution File, Format Version 12.00
# Visual Studio Version 16
VisualStudioVersion = 16.0.31129.286
MinimumVisualStudioVersion = 10.0.40219.1
Project("{FAE04EC0-301F-11D3-BF4B-00C04F79EFBC}") = "DPRHSE.WebAPI", "DPRHSE.WebAPI\DPRHSE.WebAPI.csproj", "{38CC9993-356A-4837-9CD7-214C5C17610B}"
EndProject
Project("{FAE04EC0-301F-11D3-BF4B-00C04F79EFBC}") = "DPRHSE.Business", "DPRHSE.Business\DPRHSE.Business.csproj", "{141C6CBF-9B97-4731-8BCC-4BD08D0E7091}"
EndProject
Project("{FAE04EC0-301F-11D3-BF4B-00C04F79EFBC}") = "DPRHSE.Common", "DPRHSE.Common\DPRHSE.Common.csproj", "{0FCCE928-EA81-4A99-9E5C-9B2E2D780F4D}"
EndProject
Global
	GlobalSection(SolutionConfigurationPlatforms) = preSolution
		Debug|Any CPU = Debug|Any CPU
		Release|Any CPU = Release|Any CPU
	EndGlobalSection
	GlobalSection(ProjectConfigurationPlatforms) = postSolution
		{38CC9993-356A-4837-9CD7-214C5C17610B}.Debug|Any CPU.ActiveCfg = Debug|Any CPU
		{38CC9993-356A-4837-9CD7-214C5C17610B}.Debug|Any CPU.Build.0 = Debug|Any CPU
		{38CC9993-356A-4837-9CD7-214C5C17610B}.Release|Any CPU.ActiveCfg = Release|Any CPU
		{38CC9993-356A-4837-9CD7-214C5C17610B}.Release|Any CPU.Build.0 = Release|Any CPU
		{141C6CBF-9B97-4731-8BCC-4BD08D0E7091}.Debug|Any CPU.ActiveCfg = Debug|Any CPU
		{141C6CBF-9B97-4731-8BCC-4BD08D0E7091}.Debug|Any CPU.Build.0 = Debug|Any CPU
		{141C6CBF-9B97-4731-8BCC-4BD08D0E7091}.Release|Any CPU.ActiveCfg = Release|Any CPU
		{141C6CBF-9B97-4731-8BCC-4BD08D0E7091}.Release|Any CPU.Build.0 = Release|Any CPU
		{0FCCE928-EA81-4A99-9E5C-9B2E2D780F4D}.Debug|Any CPU.ActiveCfg = Debug|Any CPU
		{0FCCE928-EA81-4A99-9E5C-9B2E2D780F4D}.Debug|Any CPU.Build.0 = Debug|Any CPU
		{0FCCE928-EA81-4A99-9E5C-9B2E2D780F4D}.Release|Any CPU.ActiveCfg = Release|Any CPU
		{0FCCE928-EA81-4A99-9E5C-9B2E2D780F4D}.Release|Any CPU.Build.0 = Release|Any CPU
	EndGlobalSection
	GlobalSection(SolutionProperties) = preSolution
		HideSolutionNode = FALSE
	EndGlobalSection
	GlobalSection(ExtensibilityGlobals) = postSolution
		SolutionGuid = {249E4001-6103-4189-B7FE-759E97CD8731}
	EndGlobalSection
EndGlobal
